// !$*UTF8*$!
{
	archiveVersion = 1;
	classes = {
	};
	objectVersion = 50;
	objects = {

/* Begin PBXBuildFile section */
		40099FFE240D3A4300E4C78F /* SpringFestivalView.swift in Sources */ = {isa = PBXBuildFile; fileRef = 40099FFD240D3A4300E4C78F /* SpringFestivalView.swift */; };
		4E81888F23FE2A3F00739BE0 /* LanternRiddle.swift in Sources */ = {isa = PBXBuildFile; fileRef = 4E81888E23FE2A3F00739BE0 /* LanternRiddle.swift */; };
		6302788523F92669009C8FF2 /* 叶根友福荣银钩.ttf in Resources */ = {isa = PBXBuildFile; fileRef = 6302788423F92669009C8FF2 /* 叶根友福荣银钩.ttf */; };
		630F783D2402441C00FEFAC5 /* HelpetFunctions.swift in Sources */ = {isa = PBXBuildFile; fileRef = 630F783C2402441C00FEFAC5 /* HelpetFunctions.swift */; };
		6333653523EAE03A0072E311 /* CGDrawingEngine.swift in Sources */ = {isa = PBXBuildFile; fileRef = 6333652F23EADFA80072E311 /* CGDrawingEngine.swift */; };
		6333653623EAE03A0072E311 /* StrokeGestureRecognizer.swift in Sources */ = {isa = PBXBuildFile; fileRef = 6333653023EADFA80072E311 /* StrokeGestureRecognizer.swift */; };
		6333653823EAE03A0072E311 /* CanvasMainViewController.swift in Sources */ = {isa = PBXBuildFile; fileRef = 6333653323EADFA80072E311 /* CanvasMainViewController.swift */; };
		6333653A23EAE03A0072E311 /* StrokeCollection.swift in Sources */ = {isa = PBXBuildFile; fileRef = 6333653223EADFA80072E311 /* StrokeCollection.swift */; };
		6333653E23EAE06A0072E311 /* CGMathExtensions.swift in Sources */ = {isa = PBXBuildFile; fileRef = 6333653D23EAE06A0072E311 /* CGMathExtensions.swift */; };
		6333653F23EAE0BC0072E311 /* Canvas.storyboard in Resources */ = {isa = PBXBuildFile; fileRef = 6333653123EADFA80072E311 /* Canvas.storyboard */; };
		6333654A23EC14870072E311 /* BOApplePencilReachability.swift in Sources */ = {isa = PBXBuildFile; fileRef = 6333654923EC14870072E311 /* BOApplePencilReachability.swift */; };
		6337045123F8F614004BBE0A /* GreetingCardView.swift in Sources */ = {isa = PBXBuildFile; fileRef = 6337045023F8F614004BBE0A /* GreetingCardView.swift */; };
		6345324923FBAFF400875F17 /* Helper Views.swift in Sources */ = {isa = PBXBuildFile; fileRef = 6345324823FBAFF400875F17 /* Helper Views.swift */; };
		634AA69123E9AADE00ED6AA0 /* AppDelegate.swift in Sources */ = {isa = PBXBuildFile; fileRef = 634AA69023E9AADE00ED6AA0 /* AppDelegate.swift */; };
		634AA69323E9AADE00ED6AA0 /* SceneDelegate.swift in Sources */ = {isa = PBXBuildFile; fileRef = 634AA69223E9AADE00ED6AA0 /* SceneDelegate.swift */; };
		634AA69523E9AADE00ED6AA0 /* ContentView.swift in Sources */ = {isa = PBXBuildFile; fileRef = 634AA69423E9AADE00ED6AA0 /* ContentView.swift */; };
		634AA69723E9AAE200ED6AA0 /* Assets.xcassets in Resources */ = {isa = PBXBuildFile; fileRef = 634AA69623E9AAE200ED6AA0 /* Assets.xcassets */; };
		634AA69A23E9AAE200ED6AA0 /* Preview Assets.xcassets in Resources */ = {isa = PBXBuildFile; fileRef = 634AA69923E9AAE200ED6AA0 /* Preview Assets.xcassets */; };
		634AA69D23E9AAE200ED6AA0 /* LaunchScreen.storyboard in Resources */ = {isa = PBXBuildFile; fileRef = 634AA69B23E9AAE200ED6AA0 /* LaunchScreen.storyboard */; };
		6361D982240A3F2F003448C6 /* CustomProtocols.swift in Sources */ = {isa = PBXBuildFile; fileRef = 6361D981240A3F2F003448C6 /* CustomProtocols.swift */; };
		63674D2223F6673400B4C216 /* Blur.swift in Sources */ = {isa = PBXBuildFile; fileRef = 63674D2123F6673400B4C216 /* Blur.swift */; };
		638DBDCF23F51D5A009A6B11 /* Stack.swift in Sources */ = {isa = PBXBuildFile; fileRef = 638DBDCE23F51D5A009A6B11 /* Stack.swift */; };
		63A5FA6323FD36B40011F43C /* CoupletView.swift in Sources */ = {isa = PBXBuildFile; fileRef = 63A5FA6223FD36B40011F43C /* CoupletView.swift */; };
		647F0B3E24066BD400459089 /* ViewController.swift in Sources */ = {isa = PBXBuildFile; fileRef = 647F0B3C24066BD400459089 /* ViewController.swift */; };
		647F0B3F24066BD400459089 /* Grid.swift in Sources */ = {isa = PBXBuildFile; fileRef = 647F0B3D24066BD400459089 /* Grid.swift */; };
		647F0B4424066C4F00459089 /* Main.storyboard in Resources */ = {isa = PBXBuildFile; fileRef = 647F0B4324066C4F00459089 /* Main.storyboard */; };
		647F0B4624066E0300459089 /* ARCoupletView.swift in Sources */ = {isa = PBXBuildFile; fileRef = 647F0B4524066E0300459089 /* ARCoupletView.swift */; };
		8199A22223F697870098F149 /* MatchCoupletView.swift in Sources */ = {isa = PBXBuildFile; fileRef = 8199A22123F697870098F149 /* MatchCoupletView.swift */; };
		81BF8BD6240A52B4002281CB /* HomeView.swift in Sources */ = {isa = PBXBuildFile; fileRef = 81BF8BD3240A52B4002281CB /* HomeView.swift */; };
		81BF8BD7240A52B4002281CB /* NavigationHost.swift in Sources */ = {isa = PBXBuildFile; fileRef = 81BF8BD4240A52B4002281CB /* NavigationHost.swift */; };
		81BF8BD8240A52B4002281CB /* NavigationStack.swift in Sources */ = {isa = PBXBuildFile; fileRef = 81BF8BD5240A52B4002281CB /* NavigationStack.swift */; };
		81F4E9C423F28DAE00A8CE46 /* OFL.txt in Resources */ = {isa = PBXBuildFile; fileRef = 81F4E9C223F28DAE00A8CE46 /* OFL.txt */; };
		81F4E9C523F28DAE00A8CE46 /* MaShanZheng-Regular.ttf in Resources */ = {isa = PBXBuildFile; fileRef = 81F4E9C323F28DAE00A8CE46 /* MaShanZheng-Regular.ttf */; };
/* End PBXBuildFile section */

/* Begin PBXFileReference section */
		40099FFD240D3A4300E4C78F /* SpringFestivalView.swift */ = {isa = PBXFileReference; lastKnownFileType = sourcecode.swift; path = SpringFestivalView.swift; sourceTree = "<group>"; };
		4E81888E23FE2A3F00739BE0 /* LanternRiddle.swift */ = {isa = PBXFileReference; fileEncoding = 4; lastKnownFileType = sourcecode.swift; path = LanternRiddle.swift; sourceTree = "<group>"; };
		6302788423F92669009C8FF2 /* 叶根友福荣银钩.ttf */ = {isa = PBXFileReference; lastKnownFileType = file; path = "叶根友福荣银钩.ttf"; sourceTree = "<group>"; };
		630F783C2402441C00FEFAC5 /* HelpetFunctions.swift */ = {isa = PBXFileReference; lastKnownFileType = sourcecode.swift; path = HelpetFunctions.swift; sourceTree = "<group>"; };
		6333652F23EADFA80072E311 /* CGDrawingEngine.swift */ = {isa = PBXFileReference; lastKnownFileType = sourcecode.swift; path = CGDrawingEngine.swift; sourceTree = "<group>"; };
		6333653023EADFA80072E311 /* StrokeGestureRecognizer.swift */ = {isa = PBXFileReference; lastKnownFileType = sourcecode.swift; path = StrokeGestureRecognizer.swift; sourceTree = "<group>"; };
		6333653123EADFA80072E311 /* Canvas.storyboard */ = {isa = PBXFileReference; lastKnownFileType = file.storyboard; path = Canvas.storyboard; sourceTree = "<group>"; };
		6333653223EADFA80072E311 /* StrokeCollection.swift */ = {isa = PBXFileReference; lastKnownFileType = sourcecode.swift; path = StrokeCollection.swift; sourceTree = "<group>"; };
		6333653323EADFA80072E311 /* CanvasMainViewController.swift */ = {isa = PBXFileReference; lastKnownFileType = sourcecode.swift; path = CanvasMainViewController.swift; sourceTree = "<group>"; };
		6333653D23EAE06A0072E311 /* CGMathExtensions.swift */ = {isa = PBXFileReference; fileEncoding = 4; lastKnownFileType = sourcecode.swift; path = CGMathExtensions.swift; sourceTree = "<group>"; };
		6333654923EC14870072E311 /* BOApplePencilReachability.swift */ = {isa = PBXFileReference; lastKnownFileType = sourcecode.swift; path = BOApplePencilReachability.swift; sourceTree = "<group>"; };
		6337045023F8F614004BBE0A /* GreetingCardView.swift */ = {isa = PBXFileReference; lastKnownFileType = sourcecode.swift; path = GreetingCardView.swift; sourceTree = "<group>"; };
		6345324823FBAFF400875F17 /* Helper Views.swift */ = {isa = PBXFileReference; lastKnownFileType = sourcecode.swift; path = "Helper Views.swift"; sourceTree = "<group>"; };
		634AA68D23E9AADE00ED6AA0 /* ByTheWindow.app */ = {isa = PBXFileReference; explicitFileType = wrapper.application; includeInIndex = 0; path = ByTheWindow.app; sourceTree = BUILT_PRODUCTS_DIR; };
		634AA69023E9AADE00ED6AA0 /* AppDelegate.swift */ = {isa = PBXFileReference; lastKnownFileType = sourcecode.swift; path = AppDelegate.swift; sourceTree = "<group>"; };
		634AA69223E9AADE00ED6AA0 /* SceneDelegate.swift */ = {isa = PBXFileReference; lastKnownFileType = sourcecode.swift; path = SceneDelegate.swift; sourceTree = "<group>"; };
		634AA69423E9AADE00ED6AA0 /* ContentView.swift */ = {isa = PBXFileReference; lastKnownFileType = sourcecode.swift; path = ContentView.swift; sourceTree = "<group>"; };
		634AA69623E9AAE200ED6AA0 /* Assets.xcassets */ = {isa = PBXFileReference; lastKnownFileType = folder.assetcatalog; path = Assets.xcassets; sourceTree = "<group>"; };
		634AA69923E9AAE200ED6AA0 /* Preview Assets.xcassets */ = {isa = PBXFileReference; lastKnownFileType = folder.assetcatalog; path = "Preview Assets.xcassets"; sourceTree = "<group>"; };
		634AA69C23E9AAE200ED6AA0 /* Base */ = {isa = PBXFileReference; lastKnownFileType = file.storyboard; name = Base; path = Base.lproj/LaunchScreen.storyboard; sourceTree = "<group>"; };
		634AA69E23E9AAE200ED6AA0 /* Info.plist */ = {isa = PBXFileReference; lastKnownFileType = text.plist.xml; path = Info.plist; sourceTree = "<group>"; };
		6361D981240A3F2F003448C6 /* CustomProtocols.swift */ = {isa = PBXFileReference; lastKnownFileType = sourcecode.swift; path = CustomProtocols.swift; sourceTree = "<group>"; };
		63674D2123F6673400B4C216 /* Blur.swift */ = {isa = PBXFileReference; lastKnownFileType = sourcecode.swift; path = Blur.swift; sourceTree = "<group>"; };
		638DBDCE23F51D5A009A6B11 /* Stack.swift */ = {isa = PBXFileReference; lastKnownFileType = sourcecode.swift; path = Stack.swift; sourceTree = "<group>"; };
		63A5FA6223FD36B40011F43C /* CoupletView.swift */ = {isa = PBXFileReference; lastKnownFileType = sourcecode.swift; path = CoupletView.swift; sourceTree = "<group>"; };
		647F0B3C24066BD400459089 /* ViewController.swift */ = {isa = PBXFileReference; fileEncoding = 4; lastKnownFileType = sourcecode.swift; path = ViewController.swift; sourceTree = "<group>"; };
		647F0B3D24066BD400459089 /* Grid.swift */ = {isa = PBXFileReference; fileEncoding = 4; lastKnownFileType = sourcecode.swift; path = Grid.swift; sourceTree = "<group>"; };
		647F0B4324066C4F00459089 /* Main.storyboard */ = {isa = PBXFileReference; fileEncoding = 4; lastKnownFileType = file.storyboard; path = Main.storyboard; sourceTree = "<group>"; };
		647F0B4524066E0300459089 /* ARCoupletView.swift */ = {isa = PBXFileReference; lastKnownFileType = sourcecode.swift; path = ARCoupletView.swift; sourceTree = "<group>"; };
		8199A22123F697870098F149 /* MatchCoupletView.swift */ = {isa = PBXFileReference; lastKnownFileType = sourcecode.swift; path = MatchCoupletView.swift; sourceTree = "<group>"; };
		81BF8BD3240A52B4002281CB /* HomeView.swift */ = {isa = PBXFileReference; fileEncoding = 4; lastKnownFileType = sourcecode.swift; path = HomeView.swift; sourceTree = "<group>"; };
		81BF8BD4240A52B4002281CB /* NavigationHost.swift */ = {isa = PBXFileReference; fileEncoding = 4; lastKnownFileType = sourcecode.swift; path = NavigationHost.swift; sourceTree = "<group>"; };
		81BF8BD5240A52B4002281CB /* NavigationStack.swift */ = {isa = PBXFileReference; fileEncoding = 4; lastKnownFileType = sourcecode.swift; path = NavigationStack.swift; sourceTree = "<group>"; };
		81F4E9C223F28DAE00A8CE46 /* OFL.txt */ = {isa = PBXFileReference; fileEncoding = 4; lastKnownFileType = text; path = OFL.txt; sourceTree = "<group>"; };
		81F4E9C323F28DAE00A8CE46 /* MaShanZheng-Regular.ttf */ = {isa = PBXFileReference; lastKnownFileType = file; path = "MaShanZheng-Regular.ttf"; sourceTree = "<group>"; };
/* End PBXFileReference section */

/* Begin PBXFrameworksBuildPhase section */
		634AA68A23E9AADE00ED6AA0 /* Frameworks */ = {
			isa = PBXFrameworksBuildPhase;
			buildActionMask = 2147483647;
			files = (
			);
			runOnlyForDeploymentPostprocessing = 0;
		};
/* End PBXFrameworksBuildPhase section */

/* Begin PBXGroup section */
		6333654123EAE63B0072E311 /* Drawing */ = {
			isa = PBXGroup;
			children = (
				6333653123EADFA80072E311 /* Canvas.storyboard */,
				637EA4A623FD2C1A00E28A4E /* Greeting Card */,
				6333654623EBD4C40072E311 /* Couplet */,
				6333653D23EAE06A0072E311 /* CGMathExtensions.swift */,
				6333654923EC14870072E311 /* BOApplePencilReachability.swift */,
			);
			path = Drawing;
			sourceTree = "<group>";
		};
		6333654223EB025D0072E311 /* Stroke Model and Capture */ = {
			isa = PBXGroup;
			children = (
				6333653023EADFA80072E311 /* StrokeGestureRecognizer.swift */,
				6333653223EADFA80072E311 /* StrokeCollection.swift */,
			);
			path = "Stroke Model and Capture";
			sourceTree = "<group>";
		};
		6333654323EB02760072E311 /* Drawing Engine */ = {
			isa = PBXGroup;
			children = (
				6333652F23EADFA80072E311 /* CGDrawingEngine.swift */,
			);
			path = "Drawing Engine";
			sourceTree = "<group>";
		};
		6333654623EBD4C40072E311 /* Couplet */ = {
			isa = PBXGroup;
			children = (
				63A5FA6223FD36B40011F43C /* CoupletView.swift */,
				6333653323EADFA80072E311 /* CanvasMainViewController.swift */,
				6333654323EB02760072E311 /* Drawing Engine */,
				6333654223EB025D0072E311 /* Stroke Model and Capture */,
			);
			path = Couplet;
			sourceTree = "<group>";
		};
		634AA68423E9AADE00ED6AA0 = {
			isa = PBXGroup;
			children = (
				634AA68F23E9AADE00ED6AA0 /* ByTheWindow */,
				634AA68E23E9AADE00ED6AA0 /* Products */,
			);
			sourceTree = "<group>";
		};
		634AA68E23E9AADE00ED6AA0 /* Products */ = {
			isa = PBXGroup;
			children = (
				634AA68D23E9AADE00ED6AA0 /* ByTheWindow.app */,
			);
			name = Products;
			sourceTree = "<group>";
		};
		634AA68F23E9AADE00ED6AA0 /* ByTheWindow */ = {
			isa = PBXGroup;
			children = (
				647F0B3B24066A2F00459089 /* ARView */,
				638DBDD023F547A0009A6B11 /* Custom Views */,
				638DBDCC23F51D41009A6B11 /* Utils */,
				81F4E9C623F28EC100A8CE46 /* Fonts */,
				6333654123EAE63B0072E311 /* Drawing */,
				634AA69023E9AADE00ED6AA0 /* AppDelegate.swift */,
				634AA69223E9AADE00ED6AA0 /* SceneDelegate.swift */,
				40099FFD240D3A4300E4C78F /* SpringFestivalView.swift */,
				4E81888E23FE2A3F00739BE0 /* LanternRiddle.swift */,
				81BF8BD5240A52B4002281CB /* NavigationStack.swift */,
				81BF8BD4240A52B4002281CB /* NavigationHost.swift */,
				81BF8BD3240A52B4002281CB /* HomeView.swift */,
				634AA69423E9AADE00ED6AA0 /* ContentView.swift */,
				8199A22123F697870098F149 /* MatchCoupletView.swift */,
				647F0B4524066E0300459089 /* ARCoupletView.swift */,
				634AA69623E9AAE200ED6AA0 /* Assets.xcassets */,
				634AA69B23E9AAE200ED6AA0 /* LaunchScreen.storyboard */,
				634AA69E23E9AAE200ED6AA0 /* Info.plist */,
				634AA69823E9AAE200ED6AA0 /* Preview Content */,
			);
			path = ByTheWindow;
			sourceTree = "<group>";
		};
		634AA69823E9AAE200ED6AA0 /* Preview Content */ = {
			isa = PBXGroup;
			children = (
				634AA69923E9AAE200ED6AA0 /* Preview Assets.xcassets */,
			);
			path = "Preview Content";
			sourceTree = "<group>";
		};
		637EA4A623FD2C1A00E28A4E /* Greeting Card */ = {
			isa = PBXGroup;
			children = (
				6337045023F8F614004BBE0A /* GreetingCardView.swift */,
			);
			path = "Greeting Card";
			sourceTree = "<group>";
		};
		638DBDCC23F51D41009A6B11 /* Utils */ = {
			isa = PBXGroup;
			children = (
				638DBDCD23F51D49009A6B11 /* Data Structures */,
				630F783C2402441C00FEFAC5 /* HelpetFunctions.swift */,
				6361D981240A3F2F003448C6 /* CustomProtocols.swift */,
			);
			path = Utils;
			sourceTree = "<group>";
		};
		638DBDCD23F51D49009A6B11 /* Data Structures */ = {
			isa = PBXGroup;
			children = (
				638DBDCE23F51D5A009A6B11 /* Stack.swift */,
			);
			path = "Data Structures";
			sourceTree = "<group>";
		};
		638DBDD023F547A0009A6B11 /* Custom Views */ = {
			isa = PBXGroup;
			children = (
				63674D2123F6673400B4C216 /* Blur.swift */,
				6345324823FBAFF400875F17 /* Helper Views.swift */,
			);
			path = "Custom Views";
			sourceTree = "<group>";
		};
		647F0B3B24066A2F00459089 /* ARView */ = {
			isa = PBXGroup;
			children = (
				647F0B3D24066BD400459089 /* Grid.swift */,
				647F0B4324066C4F00459089 /* Main.storyboard */,
				647F0B3C24066BD400459089 /* ViewController.swift */,
			);
			path = ARView;
			sourceTree = "<group>";
		};
		81F4E9C123F28DAE00A8CE46 /* Ma_Shan_Zheng */ = {
			isa = PBXGroup;
			children = (
				81F4E9C223F28DAE00A8CE46 /* OFL.txt */,
				81F4E9C323F28DAE00A8CE46 /* MaShanZheng-Regular.ttf */,
			);
			path = Ma_Shan_Zheng;
			sourceTree = "<group>";
		};
		81F4E9C623F28EC100A8CE46 /* Fonts */ = {
			isa = PBXGroup;
			children = (
				6302788423F92669009C8FF2 /* 叶根友福荣银钩.ttf */,
				81F4E9C123F28DAE00A8CE46 /* Ma_Shan_Zheng */,
			);
			path = Fonts;
			sourceTree = "<group>";
		};
/* End PBXGroup section */

/* Begin PBXNativeTarget section */
		634AA68C23E9AADE00ED6AA0 /* ByTheWindow */ = {
			isa = PBXNativeTarget;
			buildConfigurationList = 634AA6A123E9AAE200ED6AA0 /* Build configuration list for PBXNativeTarget "ByTheWindow" */;
			buildPhases = (
				634AA68923E9AADE00ED6AA0 /* Sources */,
				634AA68A23E9AADE00ED6AA0 /* Frameworks */,
				634AA68B23E9AADE00ED6AA0 /* Resources */,
			);
			buildRules = (
			);
			dependencies = (
			);
			name = ByTheWindow;
			productName = ByTheWindow;
			productReference = 634AA68D23E9AADE00ED6AA0 /* ByTheWindow.app */;
			productType = "com.apple.product-type.application";
		};
/* End PBXNativeTarget section */

/* Begin PBXProject section */
		634AA68523E9AADE00ED6AA0 /* Project object */ = {
			isa = PBXProject;
			attributes = {
				LastSwiftUpdateCheck = 1130;
				LastUpgradeCheck = 1130;
				ORGANIZATIONNAME = JJAYCHEN;
				TargetAttributes = {
					634AA68C23E9AADE00ED6AA0 = {
						CreatedOnToolsVersion = 11.3.1;
					};
				};
			};
			buildConfigurationList = 634AA68823E9AADE00ED6AA0 /* Build configuration list for PBXProject "ByTheWindow" */;
			compatibilityVersion = "Xcode 9.3";
			developmentRegion = en;
			hasScannedForEncodings = 0;
			knownRegions = (
				en,
				Base,
			);
			mainGroup = 634AA68423E9AADE00ED6AA0;
			productRefGroup = 634AA68E23E9AADE00ED6AA0 /* Products */;
			projectDirPath = "";
			projectRoot = "";
			targets = (
				634AA68C23E9AADE00ED6AA0 /* ByTheWindow */,
			);
		};
/* End PBXProject section */

/* Begin PBXResourcesBuildPhase section */
		634AA68B23E9AADE00ED6AA0 /* Resources */ = {
			isa = PBXResourcesBuildPhase;
			buildActionMask = 2147483647;
			files = (
				81F4E9C523F28DAE00A8CE46 /* MaShanZheng-Regular.ttf in Resources */,
				81F4E9C423F28DAE00A8CE46 /* OFL.txt in Resources */,
				634AA69D23E9AAE200ED6AA0 /* LaunchScreen.storyboard in Resources */,
				647F0B4424066C4F00459089 /* Main.storyboard in Resources */,
				6302788523F92669009C8FF2 /* 叶根友福荣银钩.ttf in Resources */,
				634AA69A23E9AAE200ED6AA0 /* Preview Assets.xcassets in Resources */,
				634AA69723E9AAE200ED6AA0 /* Assets.xcassets in Resources */,
				6333653F23EAE0BC0072E311 /* Canvas.storyboard in Resources */,
			);
			runOnlyForDeploymentPostprocessing = 0;
		};
/* End PBXResourcesBuildPhase section */

/* Begin PBXSourcesBuildPhase section */
		634AA68923E9AADE00ED6AA0 /* Sources */ = {
			isa = PBXSourcesBuildPhase;
			buildActionMask = 2147483647;
			files = (
				40099FFE240D3A4300E4C78F /* SpringFestivalView.swift in Sources */,
				647F0B3F24066BD400459089 /* Grid.swift in Sources */,
				634AA69123E9AADE00ED6AA0 /* AppDelegate.swift in Sources */,
				6337045123F8F614004BBE0A /* GreetingCardView.swift in Sources */,
				630F783D2402441C00FEFAC5 /* HelpetFunctions.swift in Sources */,
				6333653A23EAE03A0072E311 /* StrokeCollection.swift in Sources */,
				6333653823EAE03A0072E311 /* CanvasMainViewController.swift in Sources */,
				4E81888F23FE2A3F00739BE0 /* LanternRiddle.swift in Sources */,
				634AA69323E9AADE00ED6AA0 /* SceneDelegate.swift in Sources */,
				647F0B4624066E0300459089 /* ARCoupletView.swift in Sources */,
				6333654A23EC14870072E311 /* BOApplePencilReachability.swift in Sources */,
				638DBDCF23F51D5A009A6B11 /* Stack.swift in Sources */,
				63674D2223F6673400B4C216 /* Blur.swift in Sources */,
				6361D982240A3F2F003448C6 /* CustomProtocols.swift in Sources */,
				63A5FA6323FD36B40011F43C /* CoupletView.swift in Sources */,
				634AA69523E9AADE00ED6AA0 /* ContentView.swift in Sources */,
				647F0B3E24066BD400459089 /* ViewController.swift in Sources */,
				81BF8BD8240A52B4002281CB /* NavigationStack.swift in Sources */,
				81BF8BD6240A52B4002281CB /* HomeView.swift in Sources */,
				6333653E23EAE06A0072E311 /* CGMathExtensions.swift in Sources */,
				8199A22223F697870098F149 /* MatchCoupletView.swift in Sources */,
				6333653523EAE03A0072E311 /* CGDrawingEngine.swift in Sources */,
				6345324923FBAFF400875F17 /* Helper Views.swift in Sources */,
				6333653623EAE03A0072E311 /* StrokeGestureRecognizer.swift in Sources */,
				81BF8BD7240A52B4002281CB /* NavigationHost.swift in Sources */,
			);
			runOnlyForDeploymentPostprocessing = 0;
		};
/* End PBXSourcesBuildPhase section */

/* Begin PBXVariantGroup section */
		634AA69B23E9AAE200ED6AA0 /* LaunchScreen.storyboard */ = {
			isa = PBXVariantGroup;
			children = (
				634AA69C23E9AAE200ED6AA0 /* Base */,
			);
			name = LaunchScreen.storyboard;
			sourceTree = "<group>";
		};
/* End PBXVariantGroup section */

/* Begin XCBuildConfiguration section */
		634AA69F23E9AAE200ED6AA0 /* Debug */ = {
			isa = XCBuildConfiguration;
			buildSettings = {
				ALWAYS_SEARCH_USER_PATHS = NO;
				CLANG_ANALYZER_NONNULL = YES;
				CLANG_ANALYZER_NUMBER_OBJECT_CONVERSION = YES_AGGRESSIVE;
				CLANG_CXX_LANGUAGE_STANDARD = "gnu++14";
				CLANG_CXX_LIBRARY = "libc++";
				CLANG_ENABLE_MODULES = YES;
				CLANG_ENABLE_OBJC_ARC = YES;
				CLANG_ENABLE_OBJC_WEAK = YES;
				CLANG_WARN_BLOCK_CAPTURE_AUTORELEASING = YES;
				CLANG_WARN_BOOL_CONVERSION = YES;
				CLANG_WARN_COMMA = YES;
				CLANG_WARN_CONSTANT_CONVERSION = YES;
				CLANG_WARN_DEPRECATED_OBJC_IMPLEMENTATIONS = YES;
				CLANG_WARN_DIRECT_OBJC_ISA_USAGE = YES_ERROR;
				CLANG_WARN_DOCUMENTATION_COMMENTS = YES;
				CLANG_WARN_EMPTY_BODY = YES;
				CLANG_WARN_ENUM_CONVERSION = YES;
				CLANG_WARN_INFINITE_RECURSION = YES;
				CLANG_WARN_INT_CONVERSION = YES;
				CLANG_WARN_NON_LITERAL_NULL_CONVERSION = YES;
				CLANG_WARN_OBJC_IMPLICIT_RETAIN_SELF = YES;
				CLANG_WARN_OBJC_LITERAL_CONVERSION = YES;
				CLANG_WARN_OBJC_ROOT_CLASS = YES_ERROR;
				CLANG_WARN_RANGE_LOOP_ANALYSIS = YES;
				CLANG_WARN_STRICT_PROTOTYPES = YES;
				CLANG_WARN_SUSPICIOUS_MOVE = YES;
				CLANG_WARN_UNGUARDED_AVAILABILITY = YES_AGGRESSIVE;
				CLANG_WARN_UNREACHABLE_CODE = YES;
				CLANG_WARN__DUPLICATE_METHOD_MATCH = YES;
				COPY_PHASE_STRIP = NO;
				DEBUG_INFORMATION_FORMAT = dwarf;
				ENABLE_STRICT_OBJC_MSGSEND = YES;
				ENABLE_TESTABILITY = YES;
				GCC_C_LANGUAGE_STANDARD = gnu11;
				GCC_DYNAMIC_NO_PIC = NO;
				GCC_NO_COMMON_BLOCKS = YES;
				GCC_OPTIMIZATION_LEVEL = 0;
				GCC_PREPROCESSOR_DEFINITIONS = (
					"DEBUG=1",
					"$(inherited)",
				);
				GCC_WARN_64_TO_32_BIT_CONVERSION = YES;
				GCC_WARN_ABOUT_RETURN_TYPE = YES_ERROR;
				GCC_WARN_UNDECLARED_SELECTOR = YES;
				GCC_WARN_UNINITIALIZED_AUTOS = YES_AGGRESSIVE;
				GCC_WARN_UNUSED_FUNCTION = YES;
				GCC_WARN_UNUSED_VARIABLE = YES;
				IPHONEOS_DEPLOYMENT_TARGET = 13.2;
				MTL_ENABLE_DEBUG_INFO = INCLUDE_SOURCE;
				MTL_FAST_MATH = YES;
				ONLY_ACTIVE_ARCH = YES;
				SDKROOT = iphoneos;
				SWIFT_ACTIVE_COMPILATION_CONDITIONS = DEBUG;
				SWIFT_OPTIMIZATION_LEVEL = "-Onone";
			};
			name = Debug;
		};
		634AA6A023E9AAE200ED6AA0 /* Release */ = {
			isa = XCBuildConfiguration;
			buildSettings = {
				ALWAYS_SEARCH_USER_PATHS = NO;
				CLANG_ANALYZER_NONNULL = YES;
				CLANG_ANALYZER_NUMBER_OBJECT_CONVERSION = YES_AGGRESSIVE;
				CLANG_CXX_LANGUAGE_STANDARD = "gnu++14";
				CLANG_CXX_LIBRARY = "libc++";
				CLANG_ENABLE_MODULES = YES;
				CLANG_ENABLE_OBJC_ARC = YES;
				CLANG_ENABLE_OBJC_WEAK = YES;
				CLANG_WARN_BLOCK_CAPTURE_AUTORELEASING = YES;
				CLANG_WARN_BOOL_CONVERSION = YES;
				CLANG_WARN_COMMA = YES;
				CLANG_WARN_CONSTANT_CONVERSION = YES;
				CLANG_WARN_DEPRECATED_OBJC_IMPLEMENTATIONS = YES;
				CLANG_WARN_DIRECT_OBJC_ISA_USAGE = YES_ERROR;
				CLANG_WARN_DOCUMENTATION_COMMENTS = YES;
				CLANG_WARN_EMPTY_BODY = YES;
				CLANG_WARN_ENUM_CONVERSION = YES;
				CLANG_WARN_INFINITE_RECURSION = YES;
				CLANG_WARN_INT_CONVERSION = YES;
				CLANG_WARN_NON_LITERAL_NULL_CONVERSION = YES;
				CLANG_WARN_OBJC_IMPLICIT_RETAIN_SELF = YES;
				CLANG_WARN_OBJC_LITERAL_CONVERSION = YES;
				CLANG_WARN_OBJC_ROOT_CLASS = YES_ERROR;
				CLANG_WARN_RANGE_LOOP_ANALYSIS = YES;
				CLANG_WARN_STRICT_PROTOTYPES = YES;
				CLANG_WARN_SUSPICIOUS_MOVE = YES;
				CLANG_WARN_UNGUARDED_AVAILABILITY = YES_AGGRESSIVE;
				CLANG_WARN_UNREACHABLE_CODE = YES;
				CLANG_WARN__DUPLICATE_METHOD_MATCH = YES;
				COPY_PHASE_STRIP = NO;
				DEBUG_INFORMATION_FORMAT = "dwarf-with-dsym";
				ENABLE_NS_ASSERTIONS = NO;
				ENABLE_STRICT_OBJC_MSGSEND = YES;
				GCC_C_LANGUAGE_STANDARD = gnu11;
				GCC_NO_COMMON_BLOCKS = YES;
				GCC_WARN_64_TO_32_BIT_CONVERSION = YES;
				GCC_WARN_ABOUT_RETURN_TYPE = YES_ERROR;
				GCC_WARN_UNDECLARED_SELECTOR = YES;
				GCC_WARN_UNINITIALIZED_AUTOS = YES_AGGRESSIVE;
				GCC_WARN_UNUSED_FUNCTION = YES;
				GCC_WARN_UNUSED_VARIABLE = YES;
				IPHONEOS_DEPLOYMENT_TARGET = 13.2;
				MTL_ENABLE_DEBUG_INFO = NO;
				MTL_FAST_MATH = YES;
				SDKROOT = iphoneos;
				SWIFT_COMPILATION_MODE = wholemodule;
				SWIFT_OPTIMIZATION_LEVEL = "-O";
				VALIDATE_PRODUCT = YES;
			};
			name = Release;
		};
		634AA6A223E9AAE200ED6AA0 /* Debug */ = {
			isa = XCBuildConfiguration;
			buildSettings = {
				ASSETCATALOG_COMPILER_APPICON_NAME = AppIcon;
				CODE_SIGN_STYLE = Automatic;
				DEVELOPMENT_ASSET_PATHS = "\"ByTheWindow/Preview Content\"";
				DEVELOPMENT_TEAM = 6Q58LP8XS2;
				ENABLE_PREVIEWS = YES;
				FRAMEWORK_SEARCH_PATHS = "";
				INFOPLIST_FILE = ByTheWindow/Info.plist;
				IPHONEOS_DEPLOYMENT_TARGET = 13.2;
				LD_RUNPATH_SEARCH_PATHS = (
					"$(inherited)",
					"@executable_path/Frameworks",
				);
				OTHER_LDFLAGS = "";
				PRODUCT_BUNDLE_IDENTIFIER = com.bai.byTheWindow;
				PRODUCT_NAME = ByTheWindow;
				SWIFT_VERSION = 5.0;
				SYSTEM_FRAMEWORK_SEARCH_PATHS = "";
				TARGETED_DEVICE_FAMILY = 2;
			};
			name = Debug;
		};
		634AA6A323E9AAE200ED6AA0 /* Release */ = {
			isa = XCBuildConfiguration;
			buildSettings = {
				ASSETCATALOG_COMPILER_APPICON_NAME = AppIcon;
				CODE_SIGN_STYLE = Automatic;
				DEVELOPMENT_ASSET_PATHS = "\"ByTheWindow/Preview Content\"";
				DEVELOPMENT_TEAM = 6Q58LP8XS2;
				ENABLE_PREVIEWS = YES;
				FRAMEWORK_SEARCH_PATHS = "";
				INFOPLIST_FILE = ByTheWindow/Info.plist;
				IPHONEOS_DEPLOYMENT_TARGET = 13.2;
				LD_RUNPATH_SEARCH_PATHS = (
					"$(inherited)",
					"@executable_path/Frameworks",
				);
				OTHER_LDFLAGS = "";
				PRODUCT_BUNDLE_IDENTIFIER = com.bai.byTheWindow;
				PRODUCT_NAME = ByTheWindow;
				SWIFT_VERSION = 5.0;
				SYSTEM_FRAMEWORK_SEARCH_PATHS = "";
				TARGETED_DEVICE_FAMILY = 2;
			};
			name = Release;
		};
/* End XCBuildConfiguration section */

/* Begin XCConfigurationList section */
		634AA68823E9AADE00ED6AA0 /* Build configuration list for PBXProject "ByTheWindow" */ = {
			isa = XCConfigurationList;
			buildConfigurations = (
				634AA69F23E9AAE200ED6AA0 /* Debug */,
				634AA6A023E9AAE200ED6AA0 /* Release */,
			);
			defaultConfigurationIsVisible = 0;
			defaultConfigurationName = Release;
		};
		634AA6A123E9AAE200ED6AA0 /* Build configuration list for PBXNativeTarget "ByTheWindow" */ = {
			isa = XCConfigurationList;
			buildConfigurations = (
				634AA6A223E9AAE200ED6AA0 /* Debug */,
				634AA6A323E9AAE200ED6AA0 /* Release */,
			);
			defaultConfigurationIsVisible = 0;
			defaultConfigurationName = Release;
		};
/* End XCConfigurationList section */
	};
	rootObject = 634AA68523E9AADE00ED6AA0 /* Project object */;
}
