// !$*UTF8*$!
{
	archiveVersion = 1;
	classes = {
	};
	objectVersion = 50;
	objects = {

/* Begin PBXBuildFile section */
		6333653523EAE03A0072E311 /* CGDrawingEngine.swift in Sources */ = {isa = PBXBuildFile; fileRef = 6333652F23EADFA80072E311 /* CGDrawingEngine.swift */; };
		6333653623EAE03A0072E311 /* StrokeGestureRecognizer.swift in Sources */ = {isa = PBXBuildFile; fileRef = 6333653023EADFA80072E311 /* StrokeGestureRecognizer.swift */; };
		6333653723EAE03A0072E311 /* CanvasContainerView.swift in Sources */ = {isa = PBXBuildFile; fileRef = 6333652E23EADFA80072E311 /* CanvasContainerView.swift */; };
		6333653823EAE03A0072E311 /* CanvasMainViewController.swift in Sources */ = {isa = PBXBuildFile; fileRef = 6333653323EADFA80072E311 /* CanvasMainViewController.swift */; };
		6333653A23EAE03A0072E311 /* StrokeCollection.swift in Sources */ = {isa = PBXBuildFile; fileRef = 6333653223EADFA80072E311 /* StrokeCollection.swift */; };
		6333653E23EAE06A0072E311 /* CGMathExtensions.swift in Sources */ = {isa = PBXBuildFile; fileRef = 6333653D23EAE06A0072E311 /* CGMathExtensions.swift */; };
		6333653F23EAE0BC0072E311 /* Canvas.storyboard in Resources */ = {isa = PBXBuildFile; fileRef = 6333653123EADFA80072E311 /* Canvas.storyboard */; };
		6333654823EBD6310072E311 /* GreetingCardViewController.swift in Sources */ = {isa = PBXBuildFile; fileRef = 6333654723EBD6310072E311 /* GreetingCardViewController.swift */; };
		6333654A23EC14870072E311 /* BOApplePencilReachability.swift in Sources */ = {isa = PBXBuildFile; fileRef = 6333654923EC14870072E311 /* BOApplePencilReachability.swift */; };
		634AA69123E9AADE00ED6AA0 /* AppDelegate.swift in Sources */ = {isa = PBXBuildFile; fileRef = 634AA69023E9AADE00ED6AA0 /* AppDelegate.swift */; };
		634AA69323E9AADE00ED6AA0 /* SceneDelegate.swift in Sources */ = {isa = PBXBuildFile; fileRef = 634AA69223E9AADE00ED6AA0 /* SceneDelegate.swift */; };
		634AA69523E9AADE00ED6AA0 /* ContentView.swift in Sources */ = {isa = PBXBuildFile; fileRef = 634AA69423E9AADE00ED6AA0 /* ContentView.swift */; };
		634AA69723E9AAE200ED6AA0 /* Assets.xcassets in Resources */ = {isa = PBXBuildFile; fileRef = 634AA69623E9AAE200ED6AA0 /* Assets.xcassets */; };
		634AA69A23E9AAE200ED6AA0 /* Preview Assets.xcassets in Resources */ = {isa = PBXBuildFile; fileRef = 634AA69923E9AAE200ED6AA0 /* Preview Assets.xcassets */; };
		634AA69D23E9AAE200ED6AA0 /* LaunchScreen.storyboard in Resources */ = {isa = PBXBuildFile; fileRef = 634AA69B23E9AAE200ED6AA0 /* LaunchScreen.storyboard */; };
/* End PBXBuildFile section */

/* Begin PBXFileReference section */
		6333652E23EADFA80072E311 /* CanvasContainerView.swift */ = {isa = PBXFileReference; lastKnownFileType = sourcecode.swift; path = CanvasContainerView.swift; sourceTree = "<group>"; };
		6333652F23EADFA80072E311 /* CGDrawingEngine.swift */ = {isa = PBXFileReference; lastKnownFileType = sourcecode.swift; path = CGDrawingEngine.swift; sourceTree = "<group>"; };
		6333653023EADFA80072E311 /* StrokeGestureRecognizer.swift */ = {isa = PBXFileReference; lastKnownFileType = sourcecode.swift; path = StrokeGestureRecognizer.swift; sourceTree = "<group>"; };
		6333653123EADFA80072E311 /* Canvas.storyboard */ = {isa = PBXFileReference; lastKnownFileType = file.storyboard; path = Canvas.storyboard; sourceTree = "<group>"; };
		6333653223EADFA80072E311 /* StrokeCollection.swift */ = {isa = PBXFileReference; lastKnownFileType = sourcecode.swift; path = StrokeCollection.swift; sourceTree = "<group>"; };
		6333653323EADFA80072E311 /* CanvasMainViewController.swift */ = {isa = PBXFileReference; lastKnownFileType = sourcecode.swift; path = CanvasMainViewController.swift; sourceTree = "<group>"; };
		6333653D23EAE06A0072E311 /* CGMathExtensions.swift */ = {isa = PBXFileReference; fileEncoding = 4; lastKnownFileType = sourcecode.swift; path = CGMathExtensions.swift; sourceTree = "<group>"; };
		6333654723EBD6310072E311 /* GreetingCardViewController.swift */ = {isa = PBXFileReference; lastKnownFileType = sourcecode.swift; path = GreetingCardViewController.swift; sourceTree = "<group>"; };
		6333654923EC14870072E311 /* BOApplePencilReachability.swift */ = {isa = PBXFileReference; lastKnownFileType = sourcecode.swift; path = BOApplePencilReachability.swift; sourceTree = "<group>"; };
		634AA68D23E9AADE00ED6AA0 /* 窗前.app */ = {isa = PBXFileReference; explicitFileType = wrapper.application; includeInIndex = 0; path = "窗前.app"; sourceTree = BUILT_PRODUCTS_DIR; };
		634AA69023E9AADE00ED6AA0 /* AppDelegate.swift */ = {isa = PBXFileReference; lastKnownFileType = sourcecode.swift; path = AppDelegate.swift; sourceTree = "<group>"; };
		634AA69223E9AADE00ED6AA0 /* SceneDelegate.swift */ = {isa = PBXFileReference; lastKnownFileType = sourcecode.swift; path = SceneDelegate.swift; sourceTree = "<group>"; };
		634AA69423E9AADE00ED6AA0 /* ContentView.swift */ = {isa = PBXFileReference; lastKnownFileType = sourcecode.swift; path = ContentView.swift; sourceTree = "<group>"; };
		634AA69623E9AAE200ED6AA0 /* Assets.xcassets */ = {isa = PBXFileReference; lastKnownFileType = folder.assetcatalog; path = Assets.xcassets; sourceTree = "<group>"; };
		634AA69923E9AAE200ED6AA0 /* Preview Assets.xcassets */ = {isa = PBXFileReference; lastKnownFileType = folder.assetcatalog; path = "Preview Assets.xcassets"; sourceTree = "<group>"; };
		634AA69C23E9AAE200ED6AA0 /* Base */ = {isa = PBXFileReference; lastKnownFileType = file.storyboard; name = Base; path = Base.lproj/LaunchScreen.storyboard; sourceTree = "<group>"; };
		634AA69E23E9AAE200ED6AA0 /* Info.plist */ = {isa = PBXFileReference; lastKnownFileType = text.plist.xml; path = Info.plist; sourceTree = "<group>"; };
/* End PBXFileReference section */

/* Begin PBXFrameworksBuildPhase section */
		634AA68A23E9AADE00ED6AA0 /* Frameworks */ = {
			isa = PBXFrameworksBuildPhase;
			buildActionMask = 2147483647;
			files = (
			);
			runOnlyForDeploymentPostprocessing = 0;
		};
/* End PBXFrameworksBuildPhase section */

/* Begin PBXGroup section */
		6333654123EAE63B0072E311 /* Drawing */ = {
			isa = PBXGroup;
			children = (
				6333653123EADFA80072E311 /* Canvas.storyboard */,
				6333654623EBD4C40072E311 /* Couplet */,
				6333654523EBD49E0072E311 /* Greeting Card */,
				6333653D23EAE06A0072E311 /* CGMathExtensions.swift */,
				6333654923EC14870072E311 /* BOApplePencilReachability.swift */,
			);
			path = Drawing;
			sourceTree = "<group>";
		};
		6333654223EB025D0072E311 /* Stroke Model and Capture */ = {
			isa = PBXGroup;
			children = (
				6333653023EADFA80072E311 /* StrokeGestureRecognizer.swift */,
				6333653223EADFA80072E311 /* StrokeCollection.swift */,
			);
			path = "Stroke Model and Capture";
			sourceTree = "<group>";
		};
		6333654323EB02760072E311 /* Drawing Engine */ = {
			isa = PBXGroup;
			children = (
				6333652F23EADFA80072E311 /* CGDrawingEngine.swift */,
			);
			path = "Drawing Engine";
			sourceTree = "<group>";
		};
		6333654523EBD49E0072E311 /* Greeting Card */ = {
			isa = PBXGroup;
			children = (
				6333654723EBD6310072E311 /* GreetingCardViewController.swift */,
			);
			path = "Greeting Card";
			sourceTree = "<group>";
		};
		6333654623EBD4C40072E311 /* Couplet */ = {
			isa = PBXGroup;
			children = (
				6333653323EADFA80072E311 /* CanvasMainViewController.swift */,
				6333652E23EADFA80072E311 /* CanvasContainerView.swift */,
				6333654323EB02760072E311 /* Drawing Engine */,
				6333654223EB025D0072E311 /* Stroke Model and Capture */,
			);
			path = Couplet;
			sourceTree = "<group>";
		};
		634AA68423E9AADE00ED6AA0 = {
			isa = PBXGroup;
			children = (
				634AA68F23E9AADE00ED6AA0 /* ByTheWindow */,
				634AA68E23E9AADE00ED6AA0 /* Products */,
			);
			sourceTree = "<group>";
		};
		634AA68E23E9AADE00ED6AA0 /* Products */ = {
			isa = PBXGroup;
			children = (
				634AA68D23E9AADE00ED6AA0 /* 窗前.app */,
			);
			name = Products;
			sourceTree = "<group>";
		};
		634AA68F23E9AADE00ED6AA0 /* ByTheWindow */ = {
			isa = PBXGroup;
			children = (
				6333654123EAE63B0072E311 /* Drawing */,
				634AA69023E9AADE00ED6AA0 /* AppDelegate.swift */,
				634AA69223E9AADE00ED6AA0 /* SceneDelegate.swift */,
				634AA69423E9AADE00ED6AA0 /* ContentView.swift */,
				634AA69623E9AAE200ED6AA0 /* Assets.xcassets */,
				634AA69B23E9AAE200ED6AA0 /* LaunchScreen.storyboard */,
				634AA69E23E9AAE200ED6AA0 /* Info.plist */,
				634AA69823E9AAE200ED6AA0 /* Preview Content */,
			);
			path = ByTheWindow;
			sourceTree = "<group>";
		};
		634AA69823E9AAE200ED6AA0 /* Preview Content */ = {
			isa = PBXGroup;
			children = (
				634AA69923E9AAE200ED6AA0 /* Preview Assets.xcassets */,
			);
			path = "Preview Content";
			sourceTree = "<group>";
		};
/* End PBXGroup section */

/* Begin PBXNativeTarget section */
		634AA68C23E9AADE00ED6AA0 /* ByTheWindow */ = {
			isa = PBXNativeTarget;
			buildConfigurationList = 634AA6A123E9AAE200ED6AA0 /* Build configuration list for PBXNativeTarget "ByTheWindow" */;
			buildPhases = (
				634AA68923E9AADE00ED6AA0 /* Sources */,
				634AA68A23E9AADE00ED6AA0 /* Frameworks */,
				634AA68B23E9AADE00ED6AA0 /* Resources */,
			);
			buildRules = (
			);
			dependencies = (
			);
			name = ByTheWindow;
			productName = InFrontOfWindow;
			productReference = 634AA68D23E9AADE00ED6AA0 /* 窗前.app */;
			productType = "com.apple.product-type.application";
		};
/* End PBXNativeTarget section */

/* Begin PBXProject section */
		634AA68523E9AADE00ED6AA0 /* Project object */ = {
			isa = PBXProject;
			attributes = {
				LastSwiftUpdateCheck = 1130;
				LastUpgradeCheck = 1130;
				ORGANIZATIONNAME = JJAYCHEN;
				TargetAttributes = {
					634AA68C23E9AADE00ED6AA0 = {
						CreatedOnToolsVersion = 11.3.1;
					};
				};
			};
			buildConfigurationList = 634AA68823E9AADE00ED6AA0 /* Build configuration list for PBXProject "ByTheWindow" */;
			compatibilityVersion = "Xcode 9.3";
			developmentRegion = en;
			hasScannedForEncodings = 0;
			knownRegions = (
				en,
				Base,
			);
			mainGroup = 634AA68423E9AADE00ED6AA0;
			productRefGroup = 634AA68E23E9AADE00ED6AA0 /* Products */;
			projectDirPath = "";
			projectRoot = "";
			targets = (
				634AA68C23E9AADE00ED6AA0 /* ByTheWindow */,
			);
		};
/* End PBXProject section */

/* Begin PBXResourcesBuildPhase section */
		634AA68B23E9AADE00ED6AA0 /* Resources */ = {
			isa = PBXResourcesBuildPhase;
			buildActionMask = 2147483647;
			files = (
				634AA69D23E9AAE200ED6AA0 /* LaunchScreen.storyboard in Resources */,
				634AA69A23E9AAE200ED6AA0 /* Preview Assets.xcassets in Resources */,
				634AA69723E9AAE200ED6AA0 /* Assets.xcassets in Resources */,
				6333653F23EAE0BC0072E311 /* Canvas.storyboard in Resources */,
			);
			runOnlyForDeploymentPostprocessing = 0;
		};
/* End PBXResourcesBuildPhase section */

/* Begin PBXSourcesBuildPhase section */
		634AA68923E9AADE00ED6AA0 /* Sources */ = {
			isa = PBXSourcesBuildPhase;
			buildActionMask = 2147483647;
			files = (
				634AA69123E9AADE00ED6AA0 /* AppDelegate.swift in Sources */,
				6333653A23EAE03A0072E311 /* StrokeCollection.swift in Sources */,
				6333653823EAE03A0072E311 /* CanvasMainViewController.swift in Sources */,
				634AA69323E9AADE00ED6AA0 /* SceneDelegate.swift in Sources */,
				6333654A23EC14870072E311 /* BOApplePencilReachability.swift in Sources */,
				6333653723EAE03A0072E311 /* CanvasContainerView.swift in Sources */,
				634AA69523E9AADE00ED6AA0 /* ContentView.swift in Sources */,
				6333654823EBD6310072E311 /* GreetingCardViewController.swift in Sources */,
				6333653E23EAE06A0072E311 /* CGMathExtensions.swift in Sources */,
				6333653523EAE03A0072E311 /* CGDrawingEngine.swift in Sources */,
				6333653623EAE03A0072E311 /* StrokeGestureRecognizer.swift in Sources */,
			);
			runOnlyForDeploymentPostprocessing = 0;
		};
/* End PBXSourcesBuildPhase section */

/* Begin PBXVariantGroup section */
		634AA69B23E9AAE200ED6AA0 /* LaunchScreen.storyboard */ = {
			isa = PBXVariantGroup;
			children = (
				634AA69C23E9AAE200ED6AA0 /* Base */,
			);
			name = LaunchScreen.storyboard;
			sourceTree = "<group>";
		};
/* End PBXVariantGroup section */

/* Begin XCBuildConfiguration section */
		634AA69F23E9AAE200ED6AA0 /* Debug */ = {
			isa = XCBuildConfiguration;
			buildSettings = {
				ALWAYS_SEARCH_USER_PATHS = NO;
				CLANG_ANALYZER_NONNULL = YES;
				CLANG_ANALYZER_NUMBER_OBJECT_CONVERSION = YES_AGGRESSIVE;
				CLANG_CXX_LANGUAGE_STANDARD = "gnu++14";
				CLANG_CXX_LIBRARY = "libc++";
				CLANG_ENABLE_MODULES = YES;
				CLANG_ENABLE_OBJC_ARC = YES;
				CLANG_ENABLE_OBJC_WEAK = YES;
				CLANG_WARN_BLOCK_CAPTURE_AUTORELEASING = YES;
				CLANG_WARN_BOOL_CONVERSION = YES;
				CLANG_WARN_COMMA = YES;
				CLANG_WARN_CONSTANT_CONVERSION = YES;
				CLANG_WARN_DEPRECATED_OBJC_IMPLEMENTATIONS = YES;
				CLANG_WARN_DIRECT_OBJC_ISA_USAGE = YES_ERROR;
				CLANG_WARN_DOCUMENTATION_COMMENTS = YES;
				CLANG_WARN_EMPTY_BODY = YES;
				CLANG_WARN_ENUM_CONVERSION = YES;
				CLANG_WARN_INFINITE_RECURSION = YES;
				CLANG_WARN_INT_CONVERSION = YES;
				CLANG_WARN_NON_LITERAL_NULL_CONVERSION = YES;
				CLANG_WARN_OBJC_IMPLICIT_RETAIN_SELF = YES;
				CLANG_WARN_OBJC_LITERAL_CONVERSION = YES;
				CLANG_WARN_OBJC_ROOT_CLASS = YES_ERROR;
				CLANG_WARN_RANGE_LOOP_ANALYSIS = YES;
				CLANG_WARN_STRICT_PROTOTYPES = YES;
				CLANG_WARN_SUSPICIOUS_MOVE = YES;
				CLANG_WARN_UNGUARDED_AVAILABILITY = YES_AGGRESSIVE;
				CLANG_WARN_UNREACHABLE_CODE = YES;
				CLANG_WARN__DUPLICATE_METHOD_MATCH = YES;
				COPY_PHASE_STRIP = NO;
				DEBUG_INFORMATION_FORMAT = dwarf;
				ENABLE_STRICT_OBJC_MSGSEND = YES;
				ENABLE_TESTABILITY = YES;
				GCC_C_LANGUAGE_STANDARD = gnu11;
				GCC_DYNAMIC_NO_PIC = NO;
				GCC_NO_COMMON_BLOCKS = YES;
				GCC_OPTIMIZATION_LEVEL = 0;
				GCC_PREPROCESSOR_DEFINITIONS = (
					"DEBUG=1",
					"$(inherited)",
				);
				GCC_WARN_64_TO_32_BIT_CONVERSION = YES;
				GCC_WARN_ABOUT_RETURN_TYPE = YES_ERROR;
				GCC_WARN_UNDECLARED_SELECTOR = YES;
				GCC_WARN_UNINITIALIZED_AUTOS = YES_AGGRESSIVE;
				GCC_WARN_UNUSED_FUNCTION = YES;
				GCC_WARN_UNUSED_VARIABLE = YES;
				IPHONEOS_DEPLOYMENT_TARGET = 13.2;
				MTL_ENABLE_DEBUG_INFO = INCLUDE_SOURCE;
				MTL_FAST_MATH = YES;
				ONLY_ACTIVE_ARCH = YES;
				SDKROOT = iphoneos;
				SWIFT_ACTIVE_COMPILATION_CONDITIONS = DEBUG;
				SWIFT_OPTIMIZATION_LEVEL = "-Onone";
			};
			name = Debug;
		};
		634AA6A023E9AAE200ED6AA0 /* Release */ = {
			isa = XCBuildConfiguration;
			buildSettings = {
				ALWAYS_SEARCH_USER_PATHS = NO;
				CLANG_ANALYZER_NONNULL = YES;
				CLANG_ANALYZER_NUMBER_OBJECT_CONVERSION = YES_AGGRESSIVE;
				CLANG_CXX_LANGUAGE_STANDARD = "gnu++14";
				CLANG_CXX_LIBRARY = "libc++";
				CLANG_ENABLE_MODULES = YES;
				CLANG_ENABLE_OBJC_ARC = YES;
				CLANG_ENABLE_OBJC_WEAK = YES;
				CLANG_WARN_BLOCK_CAPTURE_AUTORELEASING = YES;
				CLANG_WARN_BOOL_CONVERSION = YES;
				CLANG_WARN_COMMA = YES;
				CLANG_WARN_CONSTANT_CONVERSION = YES;
				CLANG_WARN_DEPRECATED_OBJC_IMPLEMENTATIONS = YES;
				CLANG_WARN_DIRECT_OBJC_ISA_USAGE = YES_ERROR;
				CLANG_WARN_DOCUMENTATION_COMMENTS = YES;
				CLANG_WARN_EMPTY_BODY = YES;
				CLANG_WARN_ENUM_CONVERSION = YES;
				CLANG_WARN_INFINITE_RECURSION = YES;
				CLANG_WARN_INT_CONVERSION = YES;
				CLANG_WARN_NON_LITERAL_NULL_CONVERSION = YES;
				CLANG_WARN_OBJC_IMPLICIT_RETAIN_SELF = YES;
				CLANG_WARN_OBJC_LITERAL_CONVERSION = YES;
				CLANG_WARN_OBJC_ROOT_CLASS = YES_ERROR;
				CLANG_WARN_RANGE_LOOP_ANALYSIS = YES;
				CLANG_WARN_STRICT_PROTOTYPES = YES;
				CLANG_WARN_SUSPICIOUS_MOVE = YES;
				CLANG_WARN_UNGUARDED_AVAILABILITY = YES_AGGRESSIVE;
				CLANG_WARN_UNREACHABLE_CODE = YES;
				CLANG_WARN__DUPLICATE_METHOD_MATCH = YES;
				COPY_PHASE_STRIP = NO;
				DEBUG_INFORMATION_FORMAT = "dwarf-with-dsym";
				ENABLE_NS_ASSERTIONS = NO;
				ENABLE_STRICT_OBJC_MSGSEND = YES;
				GCC_C_LANGUAGE_STANDARD = gnu11;
				GCC_NO_COMMON_BLOCKS = YES;
				GCC_WARN_64_TO_32_BIT_CONVERSION = YES;
				GCC_WARN_ABOUT_RETURN_TYPE = YES_ERROR;
				GCC_WARN_UNDECLARED_SELECTOR = YES;
				GCC_WARN_UNINITIALIZED_AUTOS = YES_AGGRESSIVE;
				GCC_WARN_UNUSED_FUNCTION = YES;
				GCC_WARN_UNUSED_VARIABLE = YES;
				IPHONEOS_DEPLOYMENT_TARGET = 13.2;
				MTL_ENABLE_DEBUG_INFO = NO;
				MTL_FAST_MATH = YES;
				SDKROOT = iphoneos;
				SWIFT_COMPILATION_MODE = wholemodule;
				SWIFT_OPTIMIZATION_LEVEL = "-O";
				VALIDATE_PRODUCT = YES;
			};
			name = Release;
		};
		634AA6A223E9AAE200ED6AA0 /* Debug */ = {
			isa = XCBuildConfiguration;
			buildSettings = {
				ASSETCATALOG_COMPILER_APPICON_NAME = AppIcon;
				CODE_SIGN_STYLE = Automatic;
				DEVELOPMENT_ASSET_PATHS = "\"ByTheWindow/Preview Content\"";
				DEVELOPMENT_TEAM = XKUVHTJ3W8;
				ENABLE_PREVIEWS = YES;
				INFOPLIST_FILE = ByTheWindow/Info.plist;
				IPHONEOS_DEPLOYMENT_TARGET = 13.2;
				LD_RUNPATH_SEARCH_PATHS = (
					"$(inherited)",
					"@executable_path/Frameworks",
				);
				PRODUCT_BUNDLE_IDENTIFIER = me.jjaychen.ReusableKnob;
				PRODUCT_NAME = "窗前";
				SWIFT_VERSION = 5.0;
				TARGETED_DEVICE_FAMILY = 2;
			};
			name = Debug;
		};
		634AA6A323E9AAE200ED6AA0 /* Release */ = {
			isa = XCBuildConfiguration;
			buildSettings = {
				ASSETCATALOG_COMPILER_APPICON_NAME = AppIcon;
				CODE_SIGN_STYLE = Automatic;
				DEVELOPMENT_ASSET_PATHS = "\"ByTheWindow/Preview Content\"";
				DEVELOPMENT_TEAM = XKUVHTJ3W8;
				ENABLE_PREVIEWS = YES;
				INFOPLIST_FILE = ByTheWindow/Info.plist;
				IPHONEOS_DEPLOYMENT_TARGET = 13.2;
				LD_RUNPATH_SEARCH_PATHS = (
					"$(inherited)",
					"@executable_path/Frameworks",
				);
				PRODUCT_BUNDLE_IDENTIFIER = me.jjaychen.ReusableKnob;
				PRODUCT_NAME = "窗前";
				SWIFT_VERSION = 5.0;
				TARGETED_DEVICE_FAMILY = 2;
			};
			name = Release;
		};
/* End XCBuildConfiguration section */

/* Begin XCConfigurationList section */
		634AA68823E9AADE00ED6AA0 /* Build configuration list for PBXProject "ByTheWindow" */ = {
			isa = XCConfigurationList;
			buildConfigurations = (
				634AA69F23E9AAE200ED6AA0 /* Debug */,
				634AA6A023E9AAE200ED6AA0 /* Release */,
			);
			defaultConfigurationIsVisible = 0;
			defaultConfigurationName = Release;
		};
		634AA6A123E9AAE200ED6AA0 /* Build configuration list for PBXNativeTarget "ByTheWindow" */ = {
			isa = XCConfigurationList;
			buildConfigurations = (
				634AA6A223E9AAE200ED6AA0 /* Debug */,
				634AA6A323E9AAE200ED6AA0 /* Release */,
			);
			defaultConfigurationIsVisible = 0;
			defaultConfigurationName = Release;
		};
/* End XCConfigurationList section */
	};
	rootObject = 634AA68523E9AADE00ED6AA0 /* Project object */;
}
